// !$*UTF8*$!
{
	archiveVersion = 1;
	classes = {
	};
	objectVersion = 55;
	objects = {

/* Begin PBXBuildFile section */
		5302F603295AE95A00C3ACCE /* Tweet.swift in Sources */ = {isa = PBXBuildFile; fileRef = 5302F602295AE95A00C3ACCE /* Tweet.swift */; };
		5302F605295AED9000C3ACCE /* TweetCell.swift in Sources */ = {isa = PBXBuildFile; fileRef = 5302F604295AED9000C3ACCE /* TweetCell.swift */; };
		5306D4D3295EED900024E644 /* ProfileController.swift in Sources */ = {isa = PBXBuildFile; fileRef = 5306D4D2295EED900024E644 /* ProfileController.swift */; };
		5306D4D5295EFA920024E644 /* ProfileHeader.swift in Sources */ = {isa = PBXBuildFile; fileRef = 5306D4D4295EFA920024E644 /* ProfileHeader.swift */; };
		53079A8129361DEC0041FBD3 /* AppDelegate.swift in Sources */ = {isa = PBXBuildFile; fileRef = 53079A8029361DEC0041FBD3 /* AppDelegate.swift */; };
		53079A8329361DEC0041FBD3 /* SceneDelegate.swift in Sources */ = {isa = PBXBuildFile; fileRef = 53079A8229361DEC0041FBD3 /* SceneDelegate.swift */; };
		53079A8829361DEC0041FBD3 /* Main.storyboard in Resources */ = {isa = PBXBuildFile; fileRef = 53079A8629361DEC0041FBD3 /* Main.storyboard */; };
		53079A8A29361DEE0041FBD3 /* Assets.xcassets in Resources */ = {isa = PBXBuildFile; fileRef = 53079A8929361DEE0041FBD3 /* Assets.xcassets */; };
		53079A8D29361DEE0041FBD3 /* LaunchScreen.storyboard in Resources */ = {isa = PBXBuildFile; fileRef = 53079A8B29361DEE0041FBD3 /* LaunchScreen.storyboard */; };
		53079A9B29361ED60041FBD3 /* MainTabController.swift in Sources */ = {isa = PBXBuildFile; fileRef = 53079A9A29361ED60041FBD3 /* MainTabController.swift */; };
		53079A9D293620AC0041FBD3 /* FeedController.swift in Sources */ = {isa = PBXBuildFile; fileRef = 53079A9C293620AC0041FBD3 /* FeedController.swift */; };
		53079A9F293620E10041FBD3 /* ExploreController.swift in Sources */ = {isa = PBXBuildFile; fileRef = 53079A9E293620E10041FBD3 /* ExploreController.swift */; };
		53079AA1293620EC0041FBD3 /* NotificationsController.swift in Sources */ = {isa = PBXBuildFile; fileRef = 53079AA0293620EC0041FBD3 /* NotificationsController.swift */; };
		53079AA3293620F70041FBD3 /* ConversationsController.swift in Sources */ = {isa = PBXBuildFile; fileRef = 53079AA2293620F70041FBD3 /* ConversationsController.swift */; };
		53079AA5293628EE0041FBD3 /* Extensions.swift in Sources */ = {isa = PBXBuildFile; fileRef = 53079AA4293628EE0041FBD3 /* Extensions.swift */; };
		530D4DD5293E07770048EAAF /* Utilities.swift in Sources */ = {isa = PBXBuildFile; fileRef = 530D4DD4293E07770048EAAF /* Utilities.swift */; };
		533C30022959C7360076EF19 /* UploadTweetController.swift in Sources */ = {isa = PBXBuildFile; fileRef = 533C30012959C7360076EF19 /* UploadTweetController.swift */; };
		533C30042959CF1D0076EF19 /* CaptionTextView.swift in Sources */ = {isa = PBXBuildFile; fileRef = 533C30032959CF1D0076EF19 /* CaptionTextView.swift */; };
		533C30062959E0880076EF19 /* TweetService.swift in Sources */ = {isa = PBXBuildFile; fileRef = 533C30052959E0880076EF19 /* TweetService.swift */; };
		534619E3297F9D59004B969E /* ActionSheetLauncher.swift in Sources */ = {isa = PBXBuildFile; fileRef = 534619E2297F9D59004B969E /* ActionSheetLauncher.swift */; };
		534619E5297FA68B004B969E /* ActionSheetCell.swift in Sources */ = {isa = PBXBuildFile; fileRef = 534619E4297FA68B004B969E /* ActionSheetCell.swift */; };
		534619E7297FAED8004B969E /* ActionSheetViewModel.swift in Sources */ = {isa = PBXBuildFile; fileRef = 534619E6297FAED8004B969E /* ActionSheetViewModel.swift */; };
		53618BAD294443D000F5EF6C /* GoogleService-Info.plist in Resources */ = {isa = PBXBuildFile; fileRef = 53618BAC294443D000F5EF6C /* GoogleService-Info.plist */; };
		5364198F29548FDF00D516D6 /* Constants.swift in Sources */ = {isa = PBXBuildFile; fileRef = 5364198E29548FDF00D516D6 /* Constants.swift */; };
		5370C7BA29587FBD00A966B7 /* UserService.swift in Sources */ = {isa = PBXBuildFile; fileRef = 5370C7B929587FBD00A966B7 /* UserService.swift */; };
		5370C7BC295888EF00A966B7 /* User.swift in Sources */ = {isa = PBXBuildFile; fileRef = 5370C7BB295888EF00A966B7 /* User.swift */; };
		5376220A295BD0A900F274FC /* TweetViewModel.swift in Sources */ = {isa = PBXBuildFile; fileRef = 53762209295BD0A900F274FC /* TweetViewModel.swift */; };
		537A77BC296645E2007BEEE2 /* UserCell.swift in Sources */ = {isa = PBXBuildFile; fileRef = 537A77BB296645E2007BEEE2 /* UserCell.swift */; };
		53A222312937A4B800E1F994 /* LoginController.swift in Sources */ = {isa = PBXBuildFile; fileRef = 53A222302937A4B800E1F994 /* LoginController.swift */; };
		53A222332937A52300E1F994 /* RegistrationController.swift in Sources */ = {isa = PBXBuildFile; fileRef = 53A222322937A52300E1F994 /* RegistrationController.swift */; };
		53B92FA02955B46500503092 /* AuthService.swift in Sources */ = {isa = PBXBuildFile; fileRef = 53B92F9F2955B46500503092 /* AuthService.swift */; };
		53C7BC942961AD4A005D8E0F /* ProfileHeaderViewModel.swift in Sources */ = {isa = PBXBuildFile; fileRef = 53C7BC932961AD4A005D8E0F /* ProfileHeaderViewModel.swift */; };
		53EFB6DB2980A923003C2062 /* Notification.swift in Sources */ = {isa = PBXBuildFile; fileRef = 53EFB6DA2980A923003C2062 /* Notification.swift */; };
		53EFB6DD2980AC9B003C2062 /* NotificationService.swift in Sources */ = {isa = PBXBuildFile; fileRef = 53EFB6DC2980AC9B003C2062 /* NotificationService.swift */; };
		53EFB6DF2980B269003C2062 /* NotificationCell.swift in Sources */ = {isa = PBXBuildFile; fileRef = 53EFB6DE2980B269003C2062 /* NotificationCell.swift */; };
		53F19B25297E749800724437 /* UploadTweetViewModel.swift in Sources */ = {isa = PBXBuildFile; fileRef = 53F19B24297E749800724437 /* UploadTweetViewModel.swift */; };
		53F9E114296026EC00D08B16 /* ProfileFilterView.swift in Sources */ = {isa = PBXBuildFile; fileRef = 53F9E113296026EC00D08B16 /* ProfileFilterView.swift */; };
		53F9E1162960285900D08B16 /* ProfileFilterCell.swift in Sources */ = {isa = PBXBuildFile; fileRef = 53F9E1152960285900D08B16 /* ProfileFilterCell.swift */; };
		53FBE78D297CFE1000202FD0 /* TweetController.swift in Sources */ = {isa = PBXBuildFile; fileRef = 53FBE78C297CFE1000202FD0 /* TweetController.swift */; };
		53FBE78F297CFF7700202FD0 /* TweetHeader.swift in Sources */ = {isa = PBXBuildFile; fileRef = 53FBE78E297CFF7700202FD0 /* TweetHeader.swift */; };
		5DF839C0BEBA72A9EEE1B23E /* Pods_TwitterTutorial.framework in Frameworks */ = {isa = PBXBuildFile; fileRef = F5F71A7A9870CC9C5D11BEAA /* Pods_TwitterTutorial.framework */; };
/* End PBXBuildFile section */

/* Begin PBXFileReference section */
		5302F602295AE95A00C3ACCE /* Tweet.swift */ = {isa = PBXFileReference; lastKnownFileType = sourcecode.swift; path = Tweet.swift; sourceTree = "<group>"; };
		5302F604295AED9000C3ACCE /* TweetCell.swift */ = {isa = PBXFileReference; lastKnownFileType = sourcecode.swift; path = TweetCell.swift; sourceTree = "<group>"; };
		5306D4D2295EED900024E644 /* ProfileController.swift */ = {isa = PBXFileReference; lastKnownFileType = sourcecode.swift; path = ProfileController.swift; sourceTree = "<group>"; };
		5306D4D4295EFA920024E644 /* ProfileHeader.swift */ = {isa = PBXFileReference; lastKnownFileType = sourcecode.swift; path = ProfileHeader.swift; sourceTree = "<group>"; };
		53079A7D29361DEC0041FBD3 /* TwitterTutorial.app */ = {isa = PBXFileReference; explicitFileType = wrapper.application; includeInIndex = 0; path = TwitterTutorial.app; sourceTree = BUILT_PRODUCTS_DIR; };
		53079A8029361DEC0041FBD3 /* AppDelegate.swift */ = {isa = PBXFileReference; lastKnownFileType = sourcecode.swift; path = AppDelegate.swift; sourceTree = "<group>"; };
		53079A8229361DEC0041FBD3 /* SceneDelegate.swift */ = {isa = PBXFileReference; lastKnownFileType = sourcecode.swift; path = SceneDelegate.swift; sourceTree = "<group>"; };
		53079A8729361DEC0041FBD3 /* Base */ = {isa = PBXFileReference; lastKnownFileType = file.storyboard; name = Base; path = Base.lproj/Main.storyboard; sourceTree = "<group>"; };
		53079A8929361DEE0041FBD3 /* Assets.xcassets */ = {isa = PBXFileReference; lastKnownFileType = folder.assetcatalog; path = Assets.xcassets; sourceTree = "<group>"; };
		53079A8C29361DEE0041FBD3 /* Base */ = {isa = PBXFileReference; lastKnownFileType = file.storyboard; name = Base; path = Base.lproj/LaunchScreen.storyboard; sourceTree = "<group>"; };
		53079A8E29361DEE0041FBD3 /* Info.plist */ = {isa = PBXFileReference; lastKnownFileType = text.plist.xml; path = Info.plist; sourceTree = "<group>"; };
		53079A9A29361ED60041FBD3 /* MainTabController.swift */ = {isa = PBXFileReference; lastKnownFileType = sourcecode.swift; path = MainTabController.swift; sourceTree = "<group>"; };
		53079A9C293620AC0041FBD3 /* FeedController.swift */ = {isa = PBXFileReference; lastKnownFileType = sourcecode.swift; path = FeedController.swift; sourceTree = "<group>"; };
		53079A9E293620E10041FBD3 /* ExploreController.swift */ = {isa = PBXFileReference; lastKnownFileType = sourcecode.swift; path = ExploreController.swift; sourceTree = "<group>"; };
		53079AA0293620EC0041FBD3 /* NotificationsController.swift */ = {isa = PBXFileReference; lastKnownFileType = sourcecode.swift; path = NotificationsController.swift; sourceTree = "<group>"; };
		53079AA2293620F70041FBD3 /* ConversationsController.swift */ = {isa = PBXFileReference; lastKnownFileType = sourcecode.swift; path = ConversationsController.swift; sourceTree = "<group>"; };
		53079AA4293628EE0041FBD3 /* Extensions.swift */ = {isa = PBXFileReference; lastKnownFileType = sourcecode.swift; path = Extensions.swift; sourceTree = "<group>"; };
		530D4DD4293E07770048EAAF /* Utilities.swift */ = {isa = PBXFileReference; lastKnownFileType = sourcecode.swift; path = Utilities.swift; sourceTree = "<group>"; };
		533C30012959C7360076EF19 /* UploadTweetController.swift */ = {isa = PBXFileReference; lastKnownFileType = sourcecode.swift; path = UploadTweetController.swift; sourceTree = "<group>"; };
		533C30032959CF1D0076EF19 /* CaptionTextView.swift */ = {isa = PBXFileReference; lastKnownFileType = sourcecode.swift; path = CaptionTextView.swift; sourceTree = "<group>"; };
		533C30052959E0880076EF19 /* TweetService.swift */ = {isa = PBXFileReference; lastKnownFileType = sourcecode.swift; path = TweetService.swift; sourceTree = "<group>"; };
		534619E2297F9D59004B969E /* ActionSheetLauncher.swift */ = {isa = PBXFileReference; lastKnownFileType = sourcecode.swift; path = ActionSheetLauncher.swift; sourceTree = "<group>"; };
		534619E4297FA68B004B969E /* ActionSheetCell.swift */ = {isa = PBXFileReference; lastKnownFileType = sourcecode.swift; path = ActionSheetCell.swift; sourceTree = "<group>"; };
		534619E6297FAED8004B969E /* ActionSheetViewModel.swift */ = {isa = PBXFileReference; lastKnownFileType = sourcecode.swift; path = ActionSheetViewModel.swift; sourceTree = "<group>"; };
		53618BAC294443D000F5EF6C /* GoogleService-Info.plist */ = {isa = PBXFileReference; fileEncoding = 4; lastKnownFileType = text.plist.xml; path = "GoogleService-Info.plist"; sourceTree = "<group>"; };
		5364198E29548FDF00D516D6 /* Constants.swift */ = {isa = PBXFileReference; lastKnownFileType = sourcecode.swift; path = Constants.swift; sourceTree = "<group>"; };
		5370C7B929587FBD00A966B7 /* UserService.swift */ = {isa = PBXFileReference; lastKnownFileType = sourcecode.swift; path = UserService.swift; sourceTree = "<group>"; };
		5370C7BB295888EF00A966B7 /* User.swift */ = {isa = PBXFileReference; lastKnownFileType = sourcecode.swift; path = User.swift; sourceTree = "<group>"; };
		53762209295BD0A900F274FC /* TweetViewModel.swift */ = {isa = PBXFileReference; lastKnownFileType = sourcecode.swift; path = TweetViewModel.swift; sourceTree = "<group>"; };
		537A77BB296645E2007BEEE2 /* UserCell.swift */ = {isa = PBXFileReference; lastKnownFileType = sourcecode.swift; path = UserCell.swift; sourceTree = "<group>"; };
		53A222302937A4B800E1F994 /* LoginController.swift */ = {isa = PBXFileReference; lastKnownFileType = sourcecode.swift; path = LoginController.swift; sourceTree = "<group>"; };
		53A222322937A52300E1F994 /* RegistrationController.swift */ = {isa = PBXFileReference; lastKnownFileType = sourcecode.swift; path = RegistrationController.swift; sourceTree = "<group>"; };
		53B92F9F2955B46500503092 /* AuthService.swift */ = {isa = PBXFileReference; lastKnownFileType = sourcecode.swift; path = AuthService.swift; sourceTree = "<group>"; };
		53C7BC932961AD4A005D8E0F /* ProfileHeaderViewModel.swift */ = {isa = PBXFileReference; lastKnownFileType = sourcecode.swift; path = ProfileHeaderViewModel.swift; sourceTree = "<group>"; };
		53EFB6DA2980A923003C2062 /* Notification.swift */ = {isa = PBXFileReference; lastKnownFileType = sourcecode.swift; path = Notification.swift; sourceTree = "<group>"; };
		53EFB6DC2980AC9B003C2062 /* NotificationService.swift */ = {isa = PBXFileReference; lastKnownFileType = sourcecode.swift; path = NotificationService.swift; sourceTree = "<group>"; };
		53EFB6DE2980B269003C2062 /* NotificationCell.swift */ = {isa = PBXFileReference; lastKnownFileType = sourcecode.swift; path = NotificationCell.swift; sourceTree = "<group>"; };
		53F19B24297E749800724437 /* UploadTweetViewModel.swift */ = {isa = PBXFileReference; lastKnownFileType = sourcecode.swift; path = UploadTweetViewModel.swift; sourceTree = "<group>"; };
		53F9E113296026EC00D08B16 /* ProfileFilterView.swift */ = {isa = PBXFileReference; lastKnownFileType = sourcecode.swift; path = ProfileFilterView.swift; sourceTree = "<group>"; };
		53F9E1152960285900D08B16 /* ProfileFilterCell.swift */ = {isa = PBXFileReference; lastKnownFileType = sourcecode.swift; path = ProfileFilterCell.swift; sourceTree = "<group>"; };
		53FBE78C297CFE1000202FD0 /* TweetController.swift */ = {isa = PBXFileReference; lastKnownFileType = sourcecode.swift; path = TweetController.swift; sourceTree = "<group>"; };
		53FBE78E297CFF7700202FD0 /* TweetHeader.swift */ = {isa = PBXFileReference; lastKnownFileType = sourcecode.swift; path = TweetHeader.swift; sourceTree = "<group>"; };
		5F4689CD184EB9EB92A39AF5 /* Pods-TwitterTutorial.release.xcconfig */ = {isa = PBXFileReference; includeInIndex = 1; lastKnownFileType = text.xcconfig; name = "Pods-TwitterTutorial.release.xcconfig"; path = "Target Support Files/Pods-TwitterTutorial/Pods-TwitterTutorial.release.xcconfig"; sourceTree = "<group>"; };
		BBDD90003FE92F2F3A78C662 /* Pods-TwitterTutorial.debug.xcconfig */ = {isa = PBXFileReference; includeInIndex = 1; lastKnownFileType = text.xcconfig; name = "Pods-TwitterTutorial.debug.xcconfig"; path = "Target Support Files/Pods-TwitterTutorial/Pods-TwitterTutorial.debug.xcconfig"; sourceTree = "<group>"; };
		F5F71A7A9870CC9C5D11BEAA /* Pods_TwitterTutorial.framework */ = {isa = PBXFileReference; explicitFileType = wrapper.framework; includeInIndex = 0; path = Pods_TwitterTutorial.framework; sourceTree = BUILT_PRODUCTS_DIR; };
/* End PBXFileReference section */

/* Begin PBXFrameworksBuildPhase section */
		53079A7A29361DEC0041FBD3 /* Frameworks */ = {
			isa = PBXFrameworksBuildPhase;
			buildActionMask = 2147483647;
			files = (
				5DF839C0BEBA72A9EEE1B23E /* Pods_TwitterTutorial.framework in Frameworks */,
			);
			runOnlyForDeploymentPostprocessing = 0;
		};
/* End PBXFrameworksBuildPhase section */

/* Begin PBXGroup section */
		53079A7429361DEC0041FBD3 = {
			isa = PBXGroup;
			children = (
				53079A7F29361DEC0041FBD3 /* TwitterTutorial */,
				53079A7E29361DEC0041FBD3 /* Products */,
				F296F675F2D8D3D8D18C0BC3 /* Pods */,
				B5FFC5DDD373D85F5D5243FF /* Frameworks */,
			);
			sourceTree = "<group>";
		};
		53079A7E29361DEC0041FBD3 /* Products */ = {
			isa = PBXGroup;
			children = (
				53079A7D29361DEC0041FBD3 /* TwitterTutorial.app */,
			);
			name = Products;
			sourceTree = "<group>";
		};
		53079A7F29361DEC0041FBD3 /* TwitterTutorial */ = {
			isa = PBXGroup;
			children = (
				53079A9829361E2C0041FBD3 /* Model */,
				53079A9729361E2B0041FBD3 /* View */,
				53079A9629361E2A0041FBD3 /* ViewModel */,
				53079A9529361E280041FBD3 /* Controller */,
				53079A9429361E1B0041FBD3 /* API */,
				53079A9929361E500041FBD3 /* Utils */,
				53079A8029361DEC0041FBD3 /* AppDelegate.swift */,
				53079A8229361DEC0041FBD3 /* SceneDelegate.swift */,
				53079A8629361DEC0041FBD3 /* Main.storyboard */,
				53079A8929361DEE0041FBD3 /* Assets.xcassets */,
				53079A8B29361DEE0041FBD3 /* LaunchScreen.storyboard */,
				53079A8E29361DEE0041FBD3 /* Info.plist */,
				53618BAC294443D000F5EF6C /* GoogleService-Info.plist */,
			);
			path = TwitterTutorial;
			sourceTree = "<group>";
		};
		53079A9429361E1B0041FBD3 /* API */ = {
			isa = PBXGroup;
			children = (
				53B92F9F2955B46500503092 /* AuthService.swift */,
				5370C7B929587FBD00A966B7 /* UserService.swift */,
				533C30052959E0880076EF19 /* TweetService.swift */,
				53EFB6DC2980AC9B003C2062 /* NotificationService.swift */,
			);
			path = API;
			sourceTree = "<group>";
		};
		53079A9529361E280041FBD3 /* Controller */ = {
			isa = PBXGroup;
			children = (
				53A2222F2937A4AC00E1F994 /* Authentication */,
				53079A9A29361ED60041FBD3 /* MainTabController.swift */,
				53079A9C293620AC0041FBD3 /* FeedController.swift */,
				53079A9E293620E10041FBD3 /* ExploreController.swift */,
				53079AA0293620EC0041FBD3 /* NotificationsController.swift */,
				53079AA2293620F70041FBD3 /* ConversationsController.swift */,
				533C30012959C7360076EF19 /* UploadTweetController.swift */,
				5306D4D2295EED900024E644 /* ProfileController.swift */,
				53FBE78C297CFE1000202FD0 /* TweetController.swift */,
			);
			path = Controller;
			sourceTree = "<group>";
		};
		53079A9629361E2A0041FBD3 /* ViewModel */ = {
			isa = PBXGroup;
			children = (
				53762209295BD0A900F274FC /* TweetViewModel.swift */,
				53C7BC932961AD4A005D8E0F /* ProfileHeaderViewModel.swift */,
				53F19B24297E749800724437 /* UploadTweetViewModel.swift */,
				534619E6297FAED8004B969E /* ActionSheetViewModel.swift */,
			);
			path = ViewModel;
			sourceTree = "<group>";
		};
		53079A9729361E2B0041FBD3 /* View */ = {
			isa = PBXGroup;
			children = (
				533C30032959CF1D0076EF19 /* CaptionTextView.swift */,
				5302F604295AED9000C3ACCE /* TweetCell.swift */,
				5306D4D4295EFA920024E644 /* ProfileHeader.swift */,
				53F9E113296026EC00D08B16 /* ProfileFilterView.swift */,
				53F9E1152960285900D08B16 /* ProfileFilterCell.swift */,
				537A77BB296645E2007BEEE2 /* UserCell.swift */,
				53FBE78E297CFF7700202FD0 /* TweetHeader.swift */,
				534619E4297FA68B004B969E /* ActionSheetCell.swift */,
				53EFB6DE2980B269003C2062 /* NotificationCell.swift */,
			);
			path = View;
			sourceTree = "<group>";
		};
		53079A9829361E2C0041FBD3 /* Model */ = {
			isa = PBXGroup;
			children = (
				5370C7BB295888EF00A966B7 /* User.swift */,
				5302F602295AE95A00C3ACCE /* Tweet.swift */,
				53EFB6DA2980A923003C2062 /* Notification.swift */,
			);
			path = Model;
			sourceTree = "<group>";
		};
		53079A9929361E500041FBD3 /* Utils */ = {
			isa = PBXGroup;
			children = (
				53079AA4293628EE0041FBD3 /* Extensions.swift */,
				530D4DD4293E07770048EAAF /* Utilities.swift */,
				5364198E29548FDF00D516D6 /* Constants.swift */,
				534619E2297F9D59004B969E /* ActionSheetLauncher.swift */,
			);
			path = Utils;
			sourceTree = "<group>";
		};
		53A2222F2937A4AC00E1F994 /* Authentication */ = {
			isa = PBXGroup;
			children = (
				53A222302937A4B800E1F994 /* LoginController.swift */,
				53A222322937A52300E1F994 /* RegistrationController.swift */,
			);
			path = Authentication;
			sourceTree = "<group>";
		};
		B5FFC5DDD373D85F5D5243FF /* Frameworks */ = {
			isa = PBXGroup;
			children = (
				F5F71A7A9870CC9C5D11BEAA /* Pods_TwitterTutorial.framework */,
			);
			name = Frameworks;
			sourceTree = "<group>";
		};
		F296F675F2D8D3D8D18C0BC3 /* Pods */ = {
			isa = PBXGroup;
			children = (
				BBDD90003FE92F2F3A78C662 /* Pods-TwitterTutorial.debug.xcconfig */,
				5F4689CD184EB9EB92A39AF5 /* Pods-TwitterTutorial.release.xcconfig */,
			);
			path = Pods;
			sourceTree = "<group>";
		};
/* End PBXGroup section */

/* Begin PBXNativeTarget section */
		53079A7C29361DEC0041FBD3 /* TwitterTutorial */ = {
			isa = PBXNativeTarget;
			buildConfigurationList = 53079A9129361DEE0041FBD3 /* Build configuration list for PBXNativeTarget "TwitterTutorial" */;
			buildPhases = (
				3619FE3800CE29A282921C7F /* [CP] Check Pods Manifest.lock */,
				53079A7929361DEC0041FBD3 /* Sources */,
				53079A7A29361DEC0041FBD3 /* Frameworks */,
				53079A7B29361DEC0041FBD3 /* Resources */,
				75B74917A2168469679B65E8 /* [CP] Embed Pods Frameworks */,
			);
			buildRules = (
			);
			dependencies = (
			);
			name = TwitterTutorial;
			productName = TwitterTutorial;
			productReference = 53079A7D29361DEC0041FBD3 /* TwitterTutorial.app */;
			productType = "com.apple.product-type.application";
		};
/* End PBXNativeTarget section */

/* Begin PBXProject section */
		53079A7529361DEC0041FBD3 /* Project object */ = {
			isa = PBXProject;
			attributes = {
				BuildIndependentTargetsInParallel = 1;
				LastSwiftUpdateCheck = 1410;
				LastUpgradeCheck = 1410;
				TargetAttributes = {
					53079A7C29361DEC0041FBD3 = {
						CreatedOnToolsVersion = 14.1;
					};
				};
			};
			buildConfigurationList = 53079A7829361DEC0041FBD3 /* Build configuration list for PBXProject "TwitterTutorial" */;
			compatibilityVersion = "Xcode 13.0";
			developmentRegion = en;
			hasScannedForEncodings = 0;
			knownRegions = (
				en,
				Base,
			);
			mainGroup = 53079A7429361DEC0041FBD3;
			productRefGroup = 53079A7E29361DEC0041FBD3 /* Products */;
			projectDirPath = "";
			projectRoot = "";
			targets = (
				53079A7C29361DEC0041FBD3 /* TwitterTutorial */,
			);
		};
/* End PBXProject section */

/* Begin PBXResourcesBuildPhase section */
		53079A7B29361DEC0041FBD3 /* Resources */ = {
			isa = PBXResourcesBuildPhase;
			buildActionMask = 2147483647;
			files = (
				53079A8D29361DEE0041FBD3 /* LaunchScreen.storyboard in Resources */,
				53618BAD294443D000F5EF6C /* GoogleService-Info.plist in Resources */,
				53079A8A29361DEE0041FBD3 /* Assets.xcassets in Resources */,
				53079A8829361DEC0041FBD3 /* Main.storyboard in Resources */,
			);
			runOnlyForDeploymentPostprocessing = 0;
		};
/* End PBXResourcesBuildPhase section */

/* Begin PBXShellScriptBuildPhase section */
		3619FE3800CE29A282921C7F /* [CP] Check Pods Manifest.lock */ = {
			isa = PBXShellScriptBuildPhase;
			buildActionMask = 2147483647;
			files = (
			);
			inputFileListPaths = (
			);
			inputPaths = (
				"${PODS_PODFILE_DIR_PATH}/Podfile.lock",
				"${PODS_ROOT}/Manifest.lock",
			);
			name = "[CP] Check Pods Manifest.lock";
			outputFileListPaths = (
			);
			outputPaths = (
				"$(DERIVED_FILE_DIR)/Pods-TwitterTutorial-checkManifestLockResult.txt",
			);
			runOnlyForDeploymentPostprocessing = 0;
			shellPath = /bin/sh;
			shellScript = "diff \"${PODS_PODFILE_DIR_PATH}/Podfile.lock\" \"${PODS_ROOT}/Manifest.lock\" > /dev/null\nif [ $? != 0 ] ; then\n    # print error to STDERR\n    echo \"error: The sandbox is not in sync with the Podfile.lock. Run 'pod install' or update your CocoaPods installation.\" >&2\n    exit 1\nfi\n# This output is used by Xcode 'outputs' to avoid re-running this script phase.\necho \"SUCCESS\" > \"${SCRIPT_OUTPUT_FILE_0}\"\n";
			showEnvVarsInLog = 0;
		};
		75B74917A2168469679B65E8 /* [CP] Embed Pods Frameworks */ = {
			isa = PBXShellScriptBuildPhase;
			buildActionMask = 2147483647;
			files = (
			);
			inputFileListPaths = (
				"${PODS_ROOT}/Target Support Files/Pods-TwitterTutorial/Pods-TwitterTutorial-frameworks-${CONFIGURATION}-input-files.xcfilelist",
			);
			name = "[CP] Embed Pods Frameworks";
			outputFileListPaths = (
				"${PODS_ROOT}/Target Support Files/Pods-TwitterTutorial/Pods-TwitterTutorial-frameworks-${CONFIGURATION}-output-files.xcfilelist",
			);
			runOnlyForDeploymentPostprocessing = 0;
			shellPath = /bin/sh;
			shellScript = "\"${PODS_ROOT}/Target Support Files/Pods-TwitterTutorial/Pods-TwitterTutorial-frameworks.sh\"\n";
			showEnvVarsInLog = 0;
		};
/* End PBXShellScriptBuildPhase section */

/* Begin PBXSourcesBuildPhase section */
		53079A7929361DEC0041FBD3 /* Sources */ = {
			isa = PBXSourcesBuildPhase;
			buildActionMask = 2147483647;
			files = (
				5370C7BA29587FBD00A966B7 /* UserService.swift in Sources */,
				53079AA1293620EC0041FBD3 /* NotificationsController.swift in Sources */,
				533C30042959CF1D0076EF19 /* CaptionTextView.swift in Sources */,
				53F9E1162960285900D08B16 /* ProfileFilterCell.swift in Sources */,
				53079AA3293620F70041FBD3 /* ConversationsController.swift in Sources */,
				537A77BC296645E2007BEEE2 /* UserCell.swift in Sources */,
				530D4DD5293E07770048EAAF /* Utilities.swift in Sources */,
				534619E5297FA68B004B969E /* ActionSheetCell.swift in Sources */,
				53079A8129361DEC0041FBD3 /* AppDelegate.swift in Sources */,
				53079AA5293628EE0041FBD3 /* Extensions.swift in Sources */,
				53FBE78D297CFE1000202FD0 /* TweetController.swift in Sources */,
				5306D4D3295EED900024E644 /* ProfileController.swift in Sources */,
				53F19B25297E749800724437 /* UploadTweetViewModel.swift in Sources */,
				5306D4D5295EFA920024E644 /* ProfileHeader.swift in Sources */,
				5302F605295AED9000C3ACCE /* TweetCell.swift in Sources */,
				53079A9F293620E10041FBD3 /* ExploreController.swift in Sources */,
				53EFB6DB2980A923003C2062 /* Notification.swift in Sources */,
				53B92FA02955B46500503092 /* AuthService.swift in Sources */,
				53C7BC942961AD4A005D8E0F /* ProfileHeaderViewModel.swift in Sources */,
				533C30022959C7360076EF19 /* UploadTweetController.swift in Sources */,
				5370C7BC295888EF00A966B7 /* User.swift in Sources */,
				53079A8329361DEC0041FBD3 /* SceneDelegate.swift in Sources */,
				53079A9B29361ED60041FBD3 /* MainTabController.swift in Sources */,
				53EFB6DD2980AC9B003C2062 /* NotificationService.swift in Sources */,
				53A222312937A4B800E1F994 /* LoginController.swift in Sources */,
				53FBE78F297CFF7700202FD0 /* TweetHeader.swift in Sources */,
				5376220A295BD0A900F274FC /* TweetViewModel.swift in Sources */,
				534619E7297FAED8004B969E /* ActionSheetViewModel.swift in Sources */,
				53EFB6DF2980B269003C2062 /* NotificationCell.swift in Sources */,
				53A222332937A52300E1F994 /* RegistrationController.swift in Sources */,
				53079A9D293620AC0041FBD3 /* FeedController.swift in Sources */,
				5364198F29548FDF00D516D6 /* Constants.swift in Sources */,
				5302F603295AE95A00C3ACCE /* Tweet.swift in Sources */,
				534619E3297F9D59004B969E /* ActionSheetLauncher.swift in Sources */,
				533C30062959E0880076EF19 /* TweetService.swift in Sources */,
				53F9E114296026EC00D08B16 /* ProfileFilterView.swift in Sources */,
			);
			runOnlyForDeploymentPostprocessing = 0;
		};
/* End PBXSourcesBuildPhase section */

/* Begin PBXVariantGroup section */
		53079A8629361DEC0041FBD3 /* Main.storyboard */ = {
			isa = PBXVariantGroup;
			children = (
				53079A8729361DEC0041FBD3 /* Base */,
			);
			name = Main.storyboard;
			sourceTree = "<group>";
		};
		53079A8B29361DEE0041FBD3 /* LaunchScreen.storyboard */ = {
			isa = PBXVariantGroup;
			children = (
				53079A8C29361DEE0041FBD3 /* Base */,
			);
			name = LaunchScreen.storyboard;
			sourceTree = "<group>";
		};
/* End PBXVariantGroup section */

/* Begin XCBuildConfiguration section */
		53079A8F29361DEE0041FBD3 /* Debug */ = {
			isa = XCBuildConfiguration;
			buildSettings = {
				ALWAYS_SEARCH_USER_PATHS = NO;
				CLANG_ANALYZER_NONNULL = YES;
				CLANG_ANALYZER_NUMBER_OBJECT_CONVERSION = YES_AGGRESSIVE;
				CLANG_CXX_LANGUAGE_STANDARD = "gnu++20";
				CLANG_ENABLE_MODULES = YES;
				CLANG_ENABLE_OBJC_ARC = YES;
				CLANG_ENABLE_OBJC_WEAK = YES;
				CLANG_WARN_BLOCK_CAPTURE_AUTORELEASING = YES;
				CLANG_WARN_BOOL_CONVERSION = YES;
				CLANG_WARN_COMMA = YES;
				CLANG_WARN_CONSTANT_CONVERSION = YES;
				CLANG_WARN_DEPRECATED_OBJC_IMPLEMENTATIONS = YES;
				CLANG_WARN_DIRECT_OBJC_ISA_USAGE = YES_ERROR;
				CLANG_WARN_DOCUMENTATION_COMMENTS = YES;
				CLANG_WARN_EMPTY_BODY = YES;
				CLANG_WARN_ENUM_CONVERSION = YES;
				CLANG_WARN_INFINITE_RECURSION = YES;
				CLANG_WARN_INT_CONVERSION = YES;
				CLANG_WARN_NON_LITERAL_NULL_CONVERSION = YES;
				CLANG_WARN_OBJC_IMPLICIT_RETAIN_SELF = YES;
				CLANG_WARN_OBJC_LITERAL_CONVERSION = YES;
				CLANG_WARN_OBJC_ROOT_CLASS = YES_ERROR;
				CLANG_WARN_QUOTED_INCLUDE_IN_FRAMEWORK_HEADER = YES;
				CLANG_WARN_RANGE_LOOP_ANALYSIS = YES;
				CLANG_WARN_STRICT_PROTOTYPES = YES;
				CLANG_WARN_SUSPICIOUS_MOVE = YES;
				CLANG_WARN_UNGUARDED_AVAILABILITY = YES_AGGRESSIVE;
				CLANG_WARN_UNREACHABLE_CODE = YES;
				CLANG_WARN__DUPLICATE_METHOD_MATCH = YES;
				COPY_PHASE_STRIP = NO;
				DEBUG_INFORMATION_FORMAT = dwarf;
				ENABLE_STRICT_OBJC_MSGSEND = YES;
				ENABLE_TESTABILITY = YES;
				GCC_C_LANGUAGE_STANDARD = gnu11;
				GCC_DYNAMIC_NO_PIC = NO;
				GCC_NO_COMMON_BLOCKS = YES;
				GCC_OPTIMIZATION_LEVEL = 0;
				GCC_PREPROCESSOR_DEFINITIONS = (
					"DEBUG=1",
					"$(inherited)",
				);
				GCC_WARN_64_TO_32_BIT_CONVERSION = YES;
				GCC_WARN_ABOUT_RETURN_TYPE = YES_ERROR;
				GCC_WARN_UNDECLARED_SELECTOR = YES;
				GCC_WARN_UNINITIALIZED_AUTOS = YES_AGGRESSIVE;
				GCC_WARN_UNUSED_FUNCTION = YES;
				GCC_WARN_UNUSED_VARIABLE = YES;
				IPHONEOS_DEPLOYMENT_TARGET = 16.1;
				MTL_ENABLE_DEBUG_INFO = INCLUDE_SOURCE;
				MTL_FAST_MATH = YES;
				ONLY_ACTIVE_ARCH = YES;
				SDKROOT = iphoneos;
				SWIFT_ACTIVE_COMPILATION_CONDITIONS = DEBUG;
				SWIFT_OPTIMIZATION_LEVEL = "-Onone";
			};
			name = Debug;
		};
		53079A9029361DEE0041FBD3 /* Release */ = {
			isa = XCBuildConfiguration;
			buildSettings = {
				ALWAYS_SEARCH_USER_PATHS = NO;
				CLANG_ANALYZER_NONNULL = YES;
				CLANG_ANALYZER_NUMBER_OBJECT_CONVERSION = YES_AGGRESSIVE;
				CLANG_CXX_LANGUAGE_STANDARD = "gnu++20";
				CLANG_ENABLE_MODULES = YES;
				CLANG_ENABLE_OBJC_ARC = YES;
				CLANG_ENABLE_OBJC_WEAK = YES;
				CLANG_WARN_BLOCK_CAPTURE_AUTORELEASING = YES;
				CLANG_WARN_BOOL_CONVERSION = YES;
				CLANG_WARN_COMMA = YES;
				CLANG_WARN_CONSTANT_CONVERSION = YES;
				CLANG_WARN_DEPRECATED_OBJC_IMPLEMENTATIONS = YES;
				CLANG_WARN_DIRECT_OBJC_ISA_USAGE = YES_ERROR;
				CLANG_WARN_DOCUMENTATION_COMMENTS = YES;
				CLANG_WARN_EMPTY_BODY = YES;
				CLANG_WARN_ENUM_CONVERSION = YES;
				CLANG_WARN_INFINITE_RECURSION = YES;
				CLANG_WARN_INT_CONVERSION = YES;
				CLANG_WARN_NON_LITERAL_NULL_CONVERSION = YES;
				CLANG_WARN_OBJC_IMPLICIT_RETAIN_SELF = YES;
				CLANG_WARN_OBJC_LITERAL_CONVERSION = YES;
				CLANG_WARN_OBJC_ROOT_CLASS = YES_ERROR;
				CLANG_WARN_QUOTED_INCLUDE_IN_FRAMEWORK_HEADER = YES;
				CLANG_WARN_RANGE_LOOP_ANALYSIS = YES;
				CLANG_WARN_STRICT_PROTOTYPES = YES;
				CLANG_WARN_SUSPICIOUS_MOVE = YES;
				CLANG_WARN_UNGUARDED_AVAILABILITY = YES_AGGRESSIVE;
				CLANG_WARN_UNREACHABLE_CODE = YES;
				CLANG_WARN__DUPLICATE_METHOD_MATCH = YES;
				COPY_PHASE_STRIP = NO;
				DEBUG_INFORMATION_FORMAT = "dwarf-with-dsym";
				ENABLE_NS_ASSERTIONS = NO;
				ENABLE_STRICT_OBJC_MSGSEND = YES;
				GCC_C_LANGUAGE_STANDARD = gnu11;
				GCC_NO_COMMON_BLOCKS = YES;
				GCC_WARN_64_TO_32_BIT_CONVERSION = YES;
				GCC_WARN_ABOUT_RETURN_TYPE = YES_ERROR;
				GCC_WARN_UNDECLARED_SELECTOR = YES;
				GCC_WARN_UNINITIALIZED_AUTOS = YES_AGGRESSIVE;
				GCC_WARN_UNUSED_FUNCTION = YES;
				GCC_WARN_UNUSED_VARIABLE = YES;
				IPHONEOS_DEPLOYMENT_TARGET = 16.1;
				MTL_ENABLE_DEBUG_INFO = NO;
				MTL_FAST_MATH = YES;
				SDKROOT = iphoneos;
				SWIFT_COMPILATION_MODE = wholemodule;
				SWIFT_OPTIMIZATION_LEVEL = "-O";
				VALIDATE_PRODUCT = YES;
			};
			name = Release;
		};
		53079A9229361DEE0041FBD3 /* Debug */ = {
			isa = XCBuildConfiguration;
			baseConfigurationReference = BBDD90003FE92F2F3A78C662 /* Pods-TwitterTutorial.debug.xcconfig */;
			buildSettings = {
				ASSETCATALOG_COMPILER_APPICON_NAME = AppIcon;
				ASSETCATALOG_COMPILER_GLOBAL_ACCENT_COLOR_NAME = AccentColor;
				CODE_SIGN_STYLE = Automatic;
				CURRENT_PROJECT_VERSION = 1;
				GENERATE_INFOPLIST_FILE = YES;
				INFOPLIST_FILE = TwitterTutorial/Info.plist;
				INFOPLIST_KEY_UIApplicationSupportsIndirectInputEvents = YES;
				INFOPLIST_KEY_UILaunchStoryboardName = LaunchScreen;
				INFOPLIST_KEY_UIMainStoryboardFile = Main;
				INFOPLIST_KEY_UISupportedInterfaceOrientations_iPad = "UIInterfaceOrientationPortrait UIInterfaceOrientationPortraitUpsideDown UIInterfaceOrientationLandscapeLeft UIInterfaceOrientationLandscapeRight";
				INFOPLIST_KEY_UISupportedInterfaceOrientations_iPhone = "UIInterfaceOrientationPortrait UIInterfaceOrientationLandscapeLeft UIInterfaceOrientationLandscapeRight";
				LD_RUNPATH_SEARCH_PATHS = (
					"$(inherited)",
					"@executable_path/Frameworks",
				);
				MARKETING_VERSION = 1.0;
				PRODUCT_BUNDLE_IDENTIFIER = com.minjae.TwitterTutorial;
				PRODUCT_NAME = "$(TARGET_NAME)";
				SWIFT_EMIT_LOC_STRINGS = YES;
				SWIFT_VERSION = 5.0;
				TARGETED_DEVICE_FAMILY = "1,2";
			};
			name = Debug;
		};
		53079A9329361DEE0041FBD3 /* Release */ = {
			isa = XCBuildConfiguration;
			baseConfigurationReference = 5F4689CD184EB9EB92A39AF5 /* Pods-TwitterTutorial.release.xcconfig */;
			buildSettings = {
				ASSETCATALOG_COMPILER_APPICON_NAME = AppIcon;
				ASSETCATALOG_COMPILER_GLOBAL_ACCENT_COLOR_NAME = AccentColor;
				CODE_SIGN_STYLE = Automatic;
				CURRENT_PROJECT_VERSION = 1;
				GENERATE_INFOPLIST_FILE = YES;
				INFOPLIST_FILE = TwitterTutorial/Info.plist;
				INFOPLIST_KEY_UIApplicationSupportsIndirectInputEvents = YES;
				INFOPLIST_KEY_UILaunchStoryboardName = LaunchScreen;
				INFOPLIST_KEY_UIMainStoryboardFile = Main;
				INFOPLIST_KEY_UISupportedInterfaceOrientations_iPad = "UIInterfaceOrientationPortrait UIInterfaceOrientationPortraitUpsideDown UIInterfaceOrientationLandscapeLeft UIInterfaceOrientationLandscapeRight";
				INFOPLIST_KEY_UISupportedInterfaceOrientations_iPhone = "UIInterfaceOrientationPortrait UIInterfaceOrientationLandscapeLeft UIInterfaceOrientationLandscapeRight";
				LD_RUNPATH_SEARCH_PATHS = (
					"$(inherited)",
					"@executable_path/Frameworks",
				);
				MARKETING_VERSION = 1.0;
				PRODUCT_BUNDLE_IDENTIFIER = com.minjae.TwitterTutorial;
				PRODUCT_NAME = "$(TARGET_NAME)";
				SWIFT_EMIT_LOC_STRINGS = YES;
				SWIFT_VERSION = 5.0;
				TARGETED_DEVICE_FAMILY = "1,2";
			};
			name = Release;
		};
/* End XCBuildConfiguration section */

/* Begin XCConfigurationList section */
		53079A7829361DEC0041FBD3 /* Build configuration list for PBXProject "TwitterTutorial" */ = {
			isa = XCConfigurationList;
			buildConfigurations = (
				53079A8F29361DEE0041FBD3 /* Debug */,
				53079A9029361DEE0041FBD3 /* Release */,
			);
			defaultConfigurationIsVisible = 0;
			defaultConfigurationName = Release;
		};
		53079A9129361DEE0041FBD3 /* Build configuration list for PBXNativeTarget "TwitterTutorial" */ = {
			isa = XCConfigurationList;
			buildConfigurations = (
				53079A9229361DEE0041FBD3 /* Debug */,
				53079A9329361DEE0041FBD3 /* Release */,
			);
			defaultConfigurationIsVisible = 0;
			defaultConfigurationName = Release;
		};
/* End XCConfigurationList section */
	};
	rootObject = 53079A7529361DEC0041FBD3 /* Project object */;
}
